lockfileVersion: '9.0'

settings:
  autoInstallPeers: true
  excludeLinksFromLockfile: false

importers:

  .:
    dependencies:
      browser-or-node:
        specifier: ^3.0.0
        version: 3.0.0
      yaml:
        specifier: ^2.8.1
        version: 2.8.1
    devDependencies:
      '@types/node':
        specifier: ^14.18.33
        version: 14.18.63
      '@types/wicg-file-system-access':
        specifier: ^2020.9.5
        version: 2020.9.8
      oxfmt:
        specifier: ^0.11.0
        version: 0.11.0
      oxlint-tsgolint:
        specifier: ^0.5.0
        version: 0.5.0
      tsdown:
        specifier: ^0.16.0
        version: 0.16.0(typescript@5.9.3)
      typescript:
        specifier: ^5.9.3
        version: 5.9.3

packages:

  '@babel/generator@7.28.5':
    resolution: {integrity: sha512-3EwLFhZ38J4VyIP6WNtt2kUdW9dokXA9Cr4IVIFHuCpZ3H8/YFOl5JjZHisrn1fATPBmKKqXzDFvh9fUwHz6CQ==}
    engines: {node: '>=6.9.0'}

  '@babel/helper-string-parser@7.27.1':
    resolution: {integrity: sha512-qMlSxKbpRlAridDExk92nSobyDdpPijUq2DW6oDnUqd0iOGxmQjyqhMIihI9+zv4LPyZdRje2cavWPbCbWm3eA==}
    engines: {node: '>=6.9.0'}

  '@babel/helper-validator-identifier@7.28.5':
    resolution: {integrity: sha512-qSs4ifwzKJSV39ucNjsvc6WVHs6b7S03sOh2OcHF9UHfVPqWWALUsNUVzhSBiItjRZoLHx7nIarVjqKVusUZ1Q==}
    engines: {node: '>=6.9.0'}

  '@babel/parser@7.28.5':
    resolution: {integrity: sha512-KKBU1VGYR7ORr3At5HAtUQ+TV3SzRCXmA/8OdDZiLDBIZxVyzXuztPjfLd3BV1PRAQGCMWWSHYhL0F8d5uHBDQ==}
    engines: {node: '>=6.0.0'}
    hasBin: true

  '@babel/types@7.28.5':
    resolution: {integrity: sha512-qQ5m48eI/MFLQ5PxQj4PFaprjyCTLI37ElWMmNs0K8Lk3dVeOdNpB3ks8jc7yM5CDmVC73eMVk/trk3fgmrUpA==}
    engines: {node: '>=6.9.0'}

  '@emnapi/core@1.7.0':
    resolution: {integrity: sha512-pJdKGq/1iquWYtv1RRSljZklxHCOCAJFJrImO5ZLKPJVJlVUcs8yFwNQlqS0Lo8xT1VAXXTCZocF9n26FWEKsw==}

  '@emnapi/runtime@1.7.0':
    resolution: {integrity: sha512-oAYoQnCYaQZKVS53Fq23ceWMRxq5EhQsE0x0RdQ55jT7wagMu5k+fS39v1fiSLrtrLQlXwVINenqhLMtTrV/1Q==}

  '@emnapi/wasi-threads@1.1.0':
    resolution: {integrity: sha512-WI0DdZ8xFSbgMjR1sFsKABJ/C5OnRrjT06JXbZKexJGrDuPTzZdDYfFlsgcCXCyf+suG5QU2e/y1Wo2V/OapLQ==}

  '@jridgewell/gen-mapping@0.3.13':
    resolution: {integrity: sha512-2kkt/7niJ6MgEPxF0bYdQ6etZaA+fQvDcLKckhy1yIQOzaoKjBBjSj63/aLVjYE3qhRt5dvM+uUyfCg6UKCBbA==}

  '@jridgewell/resolve-uri@3.1.2':
    resolution: {integrity: sha512-bRISgCIjP20/tbWSPWMEi54QVPRZExkuD9lJL+UIxUKtwVJA8wW1Trb1jMs1RFXo1CBTNZ/5hpC9QvmKWdopKw==}
    engines: {node: '>=6.0.0'}

  '@jridgewell/sourcemap-codec@1.5.5':
    resolution: {integrity: sha512-cYQ9310grqxueWbl+WuIUIaiUaDcj7WOq5fVhEljNVgRfOUhY9fy2zTvfoqWsnebh8Sl70VScFbICvJnLKB0Og==}

  '@jridgewell/trace-mapping@0.3.31':
    resolution: {integrity: sha512-zzNR+SdQSDJzc8joaeP8QQoCQr8NuYx2dIIytl1QeBEZHJ9uW6hebsrYgbz8hJwUQao3TWCMtmfV8Nu1twOLAw==}

  '@napi-rs/wasm-runtime@1.0.7':
    resolution: {integrity: sha512-SeDnOO0Tk7Okiq6DbXmmBODgOAb9dp9gjlphokTUxmt8U3liIP1ZsozBahH69j/RJv+Rfs6IwUKHTgQYJ/HBAw==}

  '@oxc-project/types@0.96.0':
    resolution: {integrity: sha512-r/xkmoXA0xEpU6UGtn18CNVjXH6erU3KCpCDbpLmbVxBFor1U9MqN5Z2uMmCHJuXjJzlnDR+hWY+yPoLo8oHDw==}

  '@oxfmt/darwin-arm64@0.11.0':
    resolution: {integrity: sha512-RS9j58a2/FSG4VIZDoTDNHBI/0s6k2irrioc5AjARADXLvdojh3liYuedyw9aoZcLylF7tBmcSyoIVQKWKumMw==}
    cpu: [arm64]
    os: [darwin]

  '@oxfmt/darwin-x64@0.11.0':
    resolution: {integrity: sha512-EfkvAlX3wKZqrt3u7NKURp5aJ+/xrZRyz5OcUCMFh6HeicMH6YIyKcSl9YuRlaWss0tVKekzIFFr59pPhb+EqA==}
    cpu: [x64]
    os: [darwin]

  '@oxfmt/linux-arm64-gnu@0.11.0':
    resolution: {integrity: sha512-7iAv1whJDu3sRd8nFV76indRUbPe22kwpzDwx52s7G84xdzNQKNbkRxfyt2O2jOxYA6FeQx3A0FvYQfR8rRptA==}
    cpu: [arm64]
    os: [linux]

  '@oxfmt/linux-arm64-musl@0.11.0':
    resolution: {integrity: sha512-auUmjb/u8UDbZVkC4RDy4WmLAu7wPsC2Q4QcsQz30ssvljTcCm8x8lZbkmkEqpAuIU2kRIhPvjC3l367fJT9ug==}
    cpu: [arm64]
    os: [linux]

  '@oxfmt/linux-x64-gnu@0.11.0':
    resolution: {integrity: sha512-7rxz9n03LuzuswP9oi5g0pbwuWEAdlWo4RpnU1Onx42CplPDP9/DX5JJOQnfBJXrBUrrVO/VHsQwYzB86Gvr/A==}
    cpu: [x64]
    os: [linux]

  '@oxfmt/linux-x64-musl@0.11.0':
    resolution: {integrity: sha512-sZLTSj9Z/efDaER0KTi3jkSTTZMdCxhb7h82Ubd6ZC0R9YM1rTwnfxzfmPl+A9OqwvvkA83MkAzs/jmVFLjQMA==}
    cpu: [x64]
    os: [linux]

  '@oxfmt/win32-arm64@0.11.0':
    resolution: {integrity: sha512-gd/Ix/hybqGlkKSvEf6KJXF362zTBQHuj8hpHTfhQY9NKE1XioHboSXZhrabnZNCqf8NbgYNce/lpqYiAfu6yQ==}
    cpu: [arm64]
    os: [win32]

  '@oxfmt/win32-x64@0.11.0':
    resolution: {integrity: sha512-zeEWg95FGCc9RsgK7Su5SwPForZL4INB3zArHJVgnodMeMkdHnzfaxMMnq7gPV0aJxulCC5QTGjJl8N9W5NdVw==}
    cpu: [x64]
    os: [win32]

  '@oxlint-tsgolint/darwin-arm64@0.5.0':
    resolution: {integrity: sha512-OjNuyBRlxqUgcvlc51Ab38tjRWN+gBSV6Z2004hgfbt6w7RoX6ITA6v3KYQzovCfa4Ne8l+XbhVf9y9PtLipgQ==}
    cpu: [arm64]
    os: [darwin]

  '@oxlint-tsgolint/darwin-x64@0.5.0':
    resolution: {integrity: sha512-KiKVKe8dd52O1vfnrE4ffyv/bJDG7RtkZiv5/lrMV0r9USL/VKN80qNtYgdzaf64WOUegAgRdWs++DZXGjYGbA==}
    cpu: [x64]
    os: [darwin]

  '@oxlint-tsgolint/linux-arm64@0.5.0':
    resolution: {integrity: sha512-10Rd1GVW+Z8pd9zxpWBtRt8ur3pUXZf05iDw3Py9VyPYYpkupXLhAS0T42HLz62qHSmh79XKfDFvMOQqjVzTxQ==}
    cpu: [arm64]
    os: [linux]

  '@oxlint-tsgolint/linux-x64@0.5.0':
    resolution: {integrity: sha512-bj4YUqn7M3vLWELwQ9Y0mrdiV9Elvj/oVCs7meperiIV5FHM29of74ePupKzWp645iJB+gj7jA/OlhCvT4Exug==}
    cpu: [x64]
    os: [linux]

  '@oxlint-tsgolint/win32-arm64@0.5.0':
    resolution: {integrity: sha512-SqNClNZjFFQlnLFmzjKxTuEEJOCT0v7aamkaxtG4ek5uBRUKuN8sAwWesS06yQ3t5JMg0vPLB2fs9xJcM+VdmQ==}
    cpu: [arm64]
    os: [win32]

  '@oxlint-tsgolint/win32-x64@0.5.0':
    resolution: {integrity: sha512-pEsrzV6VM3Eo41AQavoLzNLE1nMWYNtHYUPkzBzkUZMinklWDsdLpRDYX2fw58W7mEyY0NR6T9a+Hn/qI8/aaQ==}
    cpu: [x64]
    os: [win32]

  '@prettier/sync@0.6.1':
    resolution: {integrity: sha512-yF9G8vK/LYUTF3Cijd7VC9La3b20F20/J/fgoR4H0B8JGOWnZVZX6+I6+vODPosjmMcpdlUV+gUqJQZp3kLOcw==}
    peerDependencies:
      prettier: '*'

  '@quansync/fs@0.1.5':
    resolution: {integrity: sha512-lNS9hL2aS2NZgNW7BBj+6EBl4rOf8l+tQ0eRY6JWCI8jI2kc53gSoqbjojU0OnAWhzoXiOjFyGsHcDGePB3lhA==}

  '@rolldown/binding-android-arm64@1.0.0-beta.46':
    resolution: {integrity: sha512-1nfXUqZ227uKuLw9S12OQZU5z+h+cUOXLW5orntWVxHWvt20pt1PGUcVoIU8ssngKABu0vzHY268kAxuYX24BQ==}
    engines: {node: ^20.19.0 || >=22.12.0}
    cpu: [arm64]
    os: [android]

  '@rolldown/binding-darwin-arm64@1.0.0-beta.46':
    resolution: {integrity: sha512-w4IyumCQkpA3ezZ37COG3mMusFYxjEE8zqCfXZU/qb5k1JMD2kVl0fgJafIbGli27tgelYMweXkJGnlrxSGT9Q==}
    engines: {node: ^20.19.0 || >=22.12.0}
    cpu: [arm64]
    os: [darwin]

  '@rolldown/binding-darwin-x64@1.0.0-beta.46':
    resolution: {integrity: sha512-9QqaRHPbdAnv306+7nzltq4CktJ49Z4W9ybHLWYxSeDSoOGL4l1QmxjDWoRHrqYEkNr+DWHqqoD4NNHgOk7lKw==}
    engines: {node: ^20.19.0 || >=22.12.0}
    cpu: [x64]
    os: [darwin]

  '@rolldown/binding-freebsd-x64@1.0.0-beta.46':
    resolution: {integrity: sha512-Cuk5opdEMb+Evi7QcGArc4hWVoHSGz/qyUUWLTpFJWjylb8wH1u4f+HZE6gVGACuf4w/5P/VhAIamHyweAbBVQ==}
    engines: {node: ^20.19.0 || >=22.12.0}
    cpu: [x64]
    os: [freebsd]

  '@rolldown/binding-linux-arm-gnueabihf@1.0.0-beta.46':
    resolution: {integrity: sha512-BPWDxEnxb4JNMXrSmPuc5ywI6cHOELofmT0e/WGkbL1MwKYRVvqTf+gMcGLF6zAV+OF5hLYMAEk8XKfao6xmDQ==}
    engines: {node: ^20.19.0 || >=22.12.0}
    cpu: [arm]
    os: [linux]

  '@rolldown/binding-linux-arm64-gnu@1.0.0-beta.46':
    resolution: {integrity: sha512-CDQSVlryuRC955EwgbBK1h/6xQyttSxQG8+6/PeOfvUlfKGPMbBdcsOEHzGve5ED1Y7Ovh2UFjY/eT106aQqig==}
    engines: {node: ^20.19.0 || >=22.12.0}
    cpu: [arm64]
    os: [linux]

  '@rolldown/binding-linux-arm64-musl@1.0.0-beta.46':
    resolution: {integrity: sha512-6IZHycZetmVaC9zwcl1aA9fPYPuxLa5apALjJRoJu/2BZdER3zBWxDnCzlEh4SUlo++cwdfV9ZQRK9JS8cLNuA==}
    engines: {node: ^20.19.0 || >=22.12.0}
    cpu: [arm64]
    os: [linux]

  '@rolldown/binding-linux-x64-gnu@1.0.0-beta.46':
    resolution: {integrity: sha512-R/kI8fMnsxXvWzcMv5A408hfvrwtAwD/HdQKIE1HKWmfxdSHB11Y3PVwlnt7RVo7I++6mWCIxxj5o3gut4ibEw==}
    engines: {node: ^20.19.0 || >=22.12.0}
    cpu: [x64]
    os: [linux]

  '@rolldown/binding-linux-x64-musl@1.0.0-beta.46':
    resolution: {integrity: sha512-vGUXKuHGUlG2XBwvN4A8KIegeaVVxN2ZxdGG9thycwRkzUvZ9ccKvqUVZM8cVRyNRWgVgsGCS18qLUefVplwKw==}
    engines: {node: ^20.19.0 || >=22.12.0}
    cpu: [x64]
    os: [linux]

  '@rolldown/binding-openharmony-arm64@1.0.0-beta.46':
    resolution: {integrity: sha512-6SpDGH+0Dud3/RFDoC6fva6+Cm/0COnMRKR8kI4ssHWlCXPymlM59kYFCIBLZZqwURpNVVMPln4rWjxXuwD23w==}
    engines: {node: ^20.19.0 || >=22.12.0}
    cpu: [arm64]
    os: [openharmony]

  '@rolldown/binding-wasm32-wasi@1.0.0-beta.46':
    resolution: {integrity: sha512-peWDGp8YUAbTw5RJzr9AuPlTuf2adr+TBNIGF6ysMbobBKuQL41wYfGQlcerXJfLmjnQLf6DU2zTPBTfrS2Y8A==}
    engines: {node: '>=14.0.0'}
    cpu: [wasm32]

  '@rolldown/binding-win32-arm64-msvc@1.0.0-beta.46':
    resolution: {integrity: sha512-Ydbwg1JCnVbTAuDyKtu3dOuBLgZ6iZsy8p1jMPX/r7LMPnpXnS15GNcmMwa11nyl/M2VjGE1i/MORUTMt8mnRQ==}
    engines: {node: ^20.19.0 || >=22.12.0}
    cpu: [arm64]
    os: [win32]

  '@rolldown/binding-win32-ia32-msvc@1.0.0-beta.46':
    resolution: {integrity: sha512-XcPZG2uDxEn6G3takXQvi7xWgDiJqdC0N6mubL/giKD4I65zgQtbadwlIR8oDB/erOahZr5IX8cRBVcK3xcvpg==}
    engines: {node: ^20.19.0 || >=22.12.0}
    cpu: [ia32]
    os: [win32]

  '@rolldown/binding-win32-x64-msvc@1.0.0-beta.46':
    resolution: {integrity: sha512-VPC+F9S6nllv02aGG+gxHRgpOaOlYBPn94kDe9DCFSLOztf4uYIAkN+tLDlg5OcsOC8XNR5rP49zOfI0PfnHYw==}
    engines: {node: ^20.19.0 || >=22.12.0}
    cpu: [x64]
    os: [win32]

  '@rolldown/pluginutils@1.0.0-beta.46':
    resolution: {integrity: sha512-xMNwJo/pHkEP/mhNVnW+zUiJDle6/hxrwO0mfSJuEVRbBfgrJFuUSRoZx/nYUw5pCjrysl9OkNXCkAdih8GCnA==}

  '@tybys/wasm-util@0.10.1':
    resolution: {integrity: sha512-9tTaPJLSiejZKx+Bmog4uSubteqTvFrVrURwkmHixBo0G4seD0zUxp98E1DzUBJxLQ3NPwXrGKDiVjwx/DpPsg==}

  '@types/node@14.18.63':
    resolution: {integrity: sha512-fAtCfv4jJg+ExtXhvCkCqUKZ+4ok/JQk01qDKhL5BDDoS3AxKXhV5/MAVUZyQnSEd2GT92fkgZl0pz0Q0AzcIQ==}

  '@types/wicg-file-system-access@2020.9.8':
    resolution: {integrity: sha512-ggMz8nOygG7d/stpH40WVaNvBwuyYLnrg5Mbyf6bmsj/8+gb6Ei4ZZ9/4PNpcPNTT8th9Q8sM8wYmWGjMWLX/A==}

  ansis@4.2.0:
    resolution: {integrity: sha512-HqZ5rWlFjGiV0tDm3UxxgNRqsOTniqoKZu0pIAfh7TZQMGuZK+hH0drySty0si0QXj1ieop4+SkSfPZBPPkHig==}
    engines: {node: '>=14'}

  ast-kit@2.1.3:
    resolution: {integrity: sha512-TH+b3Lv6pUjy/Nu0m6A2JULtdzLpmqF9x1Dhj00ZoEiML8qvVA9j1flkzTKNYgdEhWrjDwtWNpyyCUbfQe514g==}
    engines: {node: '>=20.19.0'}

  birpc@2.7.0:
    resolution: {integrity: sha512-tub/wFGH49vNCm0xraykcY3TcRgX/3JsALYq/Lwrtti+bTyFHkCUAWF5wgYoie8P41wYwig2mIKiqoocr1EkEQ==}

  browser-or-node@3.0.0:
    resolution: {integrity: sha512-iczIdVJzGEYhP5DqQxYM9Hh7Ztpqqi+CXZpSmX8ALFs9ecXkQIeqRyM6TfxEfMVpwhl3dSuDvxdzzo9sUOIVBQ==}

  cac@6.7.14:
    resolution: {integrity: sha512-b6Ilus+c3RrdDk+JhLKUAQfzzgLEPy6wcXqS7f/xe1EETvsDP6GORG7SFuOs6cID5YkqchW/LXZbX5bc8j7ZcQ==}
    engines: {node: '>=8'}

  chokidar@4.0.3:
    resolution: {integrity: sha512-Qgzu8kfBvo+cA4962jnP1KkS6Dop5NS6g7R5LFYJr4b8Ub94PPQXUksCw9PvXoeXPRRddRNC5C1JQUR2SMGtnA==}
    engines: {node: '>= 14.16.0'}

  debug@4.4.3:
    resolution: {integrity: sha512-RGwwWnwQvkVfavKVt22FGLw+xYSdzARwm0ru6DhTVA3umU5hZc28V3kO4stgYryrTlLpuvgI9GiijltAjNbcqA==}
    engines: {node: '>=6.0'}
    peerDependencies:
      supports-color: '*'
    peerDependenciesMeta:
      supports-color:
        optional: true

  defu@6.1.4:
    resolution: {integrity: sha512-mEQCMmwJu317oSz8CwdIOdwf3xMif1ttiM8LTufzc3g6kR+9Pe236twL8j3IYT1F7GfRgGcW6MWxzZjLIkuHIg==}

  diff@8.0.2:
    resolution: {integrity: sha512-sSuxWU5j5SR9QQji/o2qMvqRNYRDOcBTgsJ/DeCf4iSN4gW+gNMXM7wFIP+fdXZxoNiAnHUTGjCr+TSWXdRDKg==}
    engines: {node: '>=0.3.1'}

  dts-resolver@2.1.2:
    resolution: {integrity: sha512-xeXHBQkn2ISSXxbJWD828PFjtyg+/UrMDo7W4Ffcs7+YWCquxU8YjV1KoxuiL+eJ5pg3ll+bC6flVv61L3LKZg==}
    engines: {node: '>=20.18.0'}
    peerDependencies:
      oxc-resolver: '>=11.0.0'
    peerDependenciesMeta:
      oxc-resolver:
        optional: true

  empathic@2.0.0:
    resolution: {integrity: sha512-i6UzDscO/XfAcNYD75CfICkmfLedpyPDdozrLMmQc5ORaQcdMoc21OnlEylMIqI7U8eniKrPMxxtj8k0vhmJhA==}
    engines: {node: '>=14'}

  fdir@6.5.0:
    resolution: {integrity: sha512-tIbYtZbucOs0BRGqPJkshJUYdL+SDH7dVM8gjy+ERp3WAUjLEFJE+02kanyHtwjWOnwrKYBiwAmM0p4kLJAnXg==}
    engines: {node: '>=12.0.0'}
    peerDependencies:
      picomatch: ^3 || ^4
    peerDependenciesMeta:
      picomatch:
        optional: true

  get-tsconfig@4.13.0:
    resolution: {integrity: sha512-1VKTZJCwBrvbd+Wn3AOgQP/2Av+TfTCOlE4AcRJE72W1ksZXbAx8PPBR9RzgTeSPzlPMHrbANMH3LbltH73wxQ==}

  hookable@5.5.3:
    resolution: {integrity: sha512-Yc+BQe8SvoXH1643Qez1zqLRmbA5rCL+sSmk6TVos0LWVfNIB7PGncdlId77WzLGSIB5KaWgTaNTs2lNVEI6VQ==}

  jiti@2.6.1:
    resolution: {integrity: sha512-ekilCSN1jwRvIbgeg/57YFh8qQDNbwDb9xT/qu2DAHbFFZUicIl4ygVaAvzveMhMVr3LnpSKTNnwt8PoOfmKhQ==}
    hasBin: true

  jsesc@3.1.0:
    resolution: {integrity: sha512-/sM3dO2FOzXjKQhJuo0Q173wf2KOo8t4I8vHy6lF9poUp7bKT0/NHE8fPX23PwfhnykfqnC2xRxOnVw5XuGIaA==}
    engines: {node: '>=6'}
    hasBin: true

  magic-string@0.30.21:
    resolution: {integrity: sha512-vd2F4YUyEXKGcLHoq+TEyCjxueSeHnFxyyjNp80yg0XV4vUhnDer/lvvlqM/arB5bXQN5K2/3oinyCRyx8T2CQ==}

  make-synchronized@0.8.0:
    resolution: {integrity: sha512-DZu4lwc0ffoFz581BSQa/BJl+1ZqIkoRQ+VejMlH0VrP4E86StAODnZujZ4sepumQj8rcP7wUnUBGM8Gu+zKUA==}

  ms@2.1.3:
    resolution: {integrity: sha512-6FlzubTLZG3J2a/NVCAleEhjzq5oxgHyaCU9yYXvcLsvoVaHJq/s5xXI6/XXP6tz7R9xAOtHnSO/tXtF3WRTlA==}

  oxfmt@0.11.0:
    resolution: {integrity: sha512-fCmAEoR3IIZ4LPueXL2Z1DbtBXVcKejkiJr4H2pdEg9qry/Wx1l+P+LpcZlfre0Lw/olJ3sohS/maLOxezUoeA==}
    engines: {node: ^20.19.0 || >=22.12.0}
    hasBin: true

  oxlint-tsgolint@0.5.0:
    resolution: {integrity: sha512-uRiGb48QVSY2PqPCgAOoYySZM8OKSXTTSHFuF0HeW3tUhefdj/wyHWeZzFfbIU+dSDgMEkG9HVE/WBeT1nc+bA==}
    hasBin: true

  pathe@2.0.3:
    resolution: {integrity: sha512-WUjGcAqP1gQacoQe+OBJsFA7Ld4DyXuUIjZ5cc75cLHvJ7dtNsTugphxIADwspS+AraAUePCKrSVtPLFj/F88w==}

  picomatch@4.0.3:
    resolution: {integrity: sha512-5gTmgEY/sqK6gFXLIsQNH19lWb4ebPDLA4SdLP7dsWkIXHWlG66oPuVvXSGFPppYZz8ZDZq0dYYrbHfBCVUb1Q==}
    engines: {node: '>=12'}

  prettier@3.6.2:
    resolution: {integrity: sha512-I7AIg5boAr5R0FFtJ6rCfD+LFsWHp81dolrFD8S79U9tb8Az2nGrJncnMSnys+bpQJfRUzqs9hnA81OAA3hCuQ==}
    engines: {node: '>=14'}
    hasBin: true

  quansync@0.2.11:
    resolution: {integrity: sha512-AifT7QEbW9Nri4tAwR5M/uzpBuqfZf+zwaEM/QkzEjj7NBuFD2rBuy0K3dE+8wltbezDV7JMA0WfnCPYRSYbXA==}

  readdirp@4.1.2:
    resolution: {integrity: sha512-GDhwkLfywWL2s6vEjyhri+eXmfH6j1L7JE27WhqLeYzoh/A3DBaYGEj2H/HFZCn/kMfim73FXxEJTw06WtxQwg==}
    engines: {node: '>= 14.18.0'}

  resolve-pkg-maps@1.0.0:
    resolution: {integrity: sha512-seS2Tj26TBVOC2NIc2rOe2y2ZO7efxITtLZcGSOnHHNOQ7CkiUBfw0Iw2ck6xkIhPwLhKNLS8BO+hEpngQlqzw==}

  rolldown-plugin-dts@0.17.3:
    resolution: {integrity: sha512-8mGnNUVNrqEdTnrlcaDxs4sAZg0No6njO+FuhQd4L56nUbJO1tHxOoKDH3mmMJg7f/BhEj/1KjU5W9kZ9zM/kQ==}
    engines: {node: '>=20.18.0'}
    peerDependencies:
      '@ts-macro/tsc': ^0.3.6
      '@typescript/native-preview': '>=7.0.0-dev.20250601.1'
      rolldown: ^1.0.0-beta.44
      typescript: ^5.0.0
      vue-tsc: ~3.1.0
    peerDependenciesMeta:
      '@ts-macro/tsc':
        optional: true
      '@typescript/native-preview':
        optional: true
      typescript:
        optional: true
      vue-tsc:
        optional: true

  rolldown@1.0.0-beta.46:
    resolution: {integrity: sha512-FYUbq0StVHOjkR/hEJ667Pup3ugeB9odBcbmxU5il9QfT9X2t/FPhkqFYQthbYxD2bKnQyO+2vHTgnmOHwZdeA==}
    engines: {node: ^20.19.0 || >=22.12.0}
    hasBin: true

  semver@7.7.3:
    resolution: {integrity: sha512-SdsKMrI9TdgjdweUSR9MweHA4EJ8YxHn8DFaDisvhVlUOe4BF1tLD7GAj0lIqWVl+dPb/rExr0Btby5loQm20Q==}
    engines: {node: '>=10'}
    hasBin: true

  tinyexec@1.0.2:
    resolution: {integrity: sha512-W/KYk+NFhkmsYpuHq5JykngiOCnxeVL8v8dFnqxSD8qEEdRfXk1SDM6JzNqcERbcGYj9tMrDQBYV9cjgnunFIg==}
    engines: {node: '>=18'}

  tinyglobby@0.2.15:
    resolution: {integrity: sha512-j2Zq4NyQYG5XMST4cbs02Ak8iJUdxRM0XI5QyxXuZOzKOINmWurp3smXu3y5wDcJrptwpSjgXHzIQxR0omXljQ==}
    engines: {node: '>=12.0.0'}

  tree-kill@1.2.2:
    resolution: {integrity: sha512-L0Orpi8qGpRG//Nd+H90vFB+3iHnue1zSSGmNOOCh1GLJ7rUKVwV2HvijphGQS2UmhUZewS9VgvxYIdgr+fG1A==}
    hasBin: true

  tsdown@0.16.0:
    resolution: {integrity: sha512-VCqqxT5FbjCmxmLNlOLHiNhu1MBtdvCsk43murvUFloQzQzr/C0FRauWtAw7lAPmS40rZlgocCoTNFqX72WSTg==}
    engines: {node: '>=20.19.0'}
    hasBin: true
    peerDependencies:
      '@arethetypeswrong/core': ^0.18.1
      '@vitejs/devtools': ^0.0.0-alpha.10
      publint: ^0.3.0
      typescript: ^5.0.0
      unplugin-lightningcss: ^0.4.0
      unplugin-unused: ^0.5.0
      unrun: ^0.2.1
    peerDependenciesMeta:
      '@arethetypeswrong/core':
        optional: true
      '@vitejs/devtools':
        optional: true
      publint:
        optional: true
      typescript:
        optional: true
      unplugin-lightningcss:
        optional: true
      unplugin-unused:
        optional: true
      unrun:
        optional: true

  tslib@2.8.1:
    resolution: {integrity: sha512-oJFu94HQb+KVduSUQL7wnpmqnfmLsOA/nAh6b6EH0wCEoK0/mPeXU6c3wKDV83MkOuHPRHtSXKKU99IBazS/2w==}

  typescript@5.9.3:
    resolution: {integrity: sha512-jl1vZzPDinLr9eUt3J/t7V6FgNEw9QjvBPdysz9KfQDD41fQrC2Y4vKQdiaUpFT4bXlb1RHhLpp8wtm6M5TgSw==}
    engines: {node: '>=14.17'}
    hasBin: true

  unconfig@7.3.3:
    resolution: {integrity: sha512-QCkQoOnJF8L107gxfHL0uavn7WD9b3dpBcFX6HtfQYmjw2YzWxGuFQ0N0J6tE9oguCBJn9KOvfqYDCMPHIZrBA==}

  yaml@2.8.1:
    resolution: {integrity: sha512-lcYcMxX2PO9XMGvAJkJ3OsNMw+/7FKes7/hgerGUYWIoWu5j/+YQqcZr5JnPZWzOsEBgMbSbiSTn/dv/69Mkpw==}
    engines: {node: '>= 14.6'}
    hasBin: true

snapshots:

  '@babel/generator@7.28.5':
    dependencies:
      '@babel/parser': 7.28.5
      '@babel/types': 7.28.5
      '@jridgewell/gen-mapping': 0.3.13
      '@jridgewell/trace-mapping': 0.3.31
      jsesc: 3.1.0

  '@babel/helper-string-parser@7.27.1': {}

  '@babel/helper-validator-identifier@7.28.5': {}

  '@babel/parser@7.28.5':
    dependencies:
      '@babel/types': 7.28.5

  '@babel/types@7.28.5':
    dependencies:
      '@babel/helper-string-parser': 7.27.1
      '@babel/helper-validator-identifier': 7.28.5

  '@emnapi/core@1.7.0':
    dependencies:
      '@emnapi/wasi-threads': 1.1.0
      tslib: 2.8.1
    optional: true

  '@emnapi/runtime@1.7.0':
    dependencies:
      tslib: 2.8.1
    optional: true

  '@emnapi/wasi-threads@1.1.0':
    dependencies:
      tslib: 2.8.1
    optional: true

  '@jridgewell/gen-mapping@0.3.13':
    dependencies:
      '@jridgewell/sourcemap-codec': 1.5.5
      '@jridgewell/trace-mapping': 0.3.31

  '@jridgewell/resolve-uri@3.1.2': {}

  '@jridgewell/sourcemap-codec@1.5.5': {}

  '@jridgewell/trace-mapping@0.3.31':
    dependencies:
      '@jridgewell/resolve-uri': 3.1.2
      '@jridgewell/sourcemap-codec': 1.5.5

  '@napi-rs/wasm-runtime@1.0.7':
    dependencies:
      '@emnapi/core': 1.7.0
      '@emnapi/runtime': 1.7.0
      '@tybys/wasm-util': 0.10.1
    optional: true

  '@oxc-project/types@0.96.0': {}

  '@oxfmt/darwin-arm64@0.11.0':
    optional: true

  '@oxfmt/darwin-x64@0.11.0':
    optional: true

  '@oxfmt/linux-arm64-gnu@0.11.0':
    optional: true

  '@oxfmt/linux-arm64-musl@0.11.0':
    optional: true

  '@oxfmt/linux-x64-gnu@0.11.0':
    optional: true

  '@oxfmt/linux-x64-musl@0.11.0':
    optional: true

  '@oxfmt/win32-arm64@0.11.0':
    optional: true

  '@oxfmt/win32-x64@0.11.0':
    optional: true

  '@oxlint-tsgolint/darwin-arm64@0.5.0':
    optional: true

  '@oxlint-tsgolint/darwin-x64@0.5.0':
    optional: true

  '@oxlint-tsgolint/linux-arm64@0.5.0':
    optional: true

  '@oxlint-tsgolint/linux-x64@0.5.0':
    optional: true

  '@oxlint-tsgolint/win32-arm64@0.5.0':
    optional: true

  '@oxlint-tsgolint/win32-x64@0.5.0':
    optional: true

  '@prettier/sync@0.6.1(prettier@3.6.2)':
    dependencies:
      make-synchronized: 0.8.0
      prettier: 3.6.2

  '@quansync/fs@0.1.5':
    dependencies:
      quansync: 0.2.11

  '@rolldown/binding-android-arm64@1.0.0-beta.46':
    optional: true

  '@rolldown/binding-darwin-arm64@1.0.0-beta.46':
    optional: true

  '@rolldown/binding-darwin-x64@1.0.0-beta.46':
    optional: true

  '@rolldown/binding-freebsd-x64@1.0.0-beta.46':
    optional: true

  '@rolldown/binding-linux-arm-gnueabihf@1.0.0-beta.46':
    optional: true

  '@rolldown/binding-linux-arm64-gnu@1.0.0-beta.46':
    optional: true

  '@rolldown/binding-linux-arm64-musl@1.0.0-beta.46':
    optional: true

  '@rolldown/binding-linux-x64-gnu@1.0.0-beta.46':
    optional: true

  '@rolldown/binding-linux-x64-musl@1.0.0-beta.46':
    optional: true

  '@rolldown/binding-openharmony-arm64@1.0.0-beta.46':
    optional: true

  '@rolldown/binding-wasm32-wasi@1.0.0-beta.46':
    dependencies:
      '@napi-rs/wasm-runtime': 1.0.7
    optional: true

  '@rolldown/binding-win32-arm64-msvc@1.0.0-beta.46':
    optional: true

  '@rolldown/binding-win32-ia32-msvc@1.0.0-beta.46':
    optional: true

  '@rolldown/binding-win32-x64-msvc@1.0.0-beta.46':
    optional: true

  '@rolldown/pluginutils@1.0.0-beta.46': {}

  '@tybys/wasm-util@0.10.1':
    dependencies:
      tslib: 2.8.1
    optional: true

  '@types/node@14.18.63': {}

  '@types/wicg-file-system-access@2020.9.8': {}

  ansis@4.2.0: {}

  ast-kit@2.1.3:
    dependencies:
      '@babel/parser': 7.28.5
      pathe: 2.0.3

  birpc@2.7.0: {}

  browser-or-node@3.0.0: {}

  cac@6.7.14: {}

  chokidar@4.0.3:
    dependencies:
      readdirp: 4.1.2

  debug@4.4.3:
    dependencies:
      ms: 2.1.3

  defu@6.1.4: {}

  diff@8.0.2: {}

  dts-resolver@2.1.2: {}

  empathic@2.0.0: {}

  fdir@6.5.0(picomatch@4.0.3):
    optionalDependencies:
      picomatch: 4.0.3

  get-tsconfig@4.13.0:
    dependencies:
      resolve-pkg-maps: 1.0.0

  hookable@5.5.3: {}

  jiti@2.6.1: {}

  jsesc@3.1.0: {}

  magic-string@0.30.21:
    dependencies:
      '@jridgewell/sourcemap-codec': 1.5.5

  make-synchronized@0.8.0: {}

  ms@2.1.3: {}

  oxfmt@0.11.0:
    dependencies:
      '@prettier/sync': 0.6.1(prettier@3.6.2)
      prettier: 3.6.2
    optionalDependencies:
      '@oxfmt/darwin-arm64': 0.11.0
      '@oxfmt/darwin-x64': 0.11.0
      '@oxfmt/linux-arm64-gnu': 0.11.0
      '@oxfmt/linux-arm64-musl': 0.11.0
      '@oxfmt/linux-x64-gnu': 0.11.0
      '@oxfmt/linux-x64-musl': 0.11.0
      '@oxfmt/win32-arm64': 0.11.0
      '@oxfmt/win32-x64': 0.11.0

  oxlint-tsgolint@0.5.0:
    optionalDependencies:
      '@oxlint-tsgolint/darwin-arm64': 0.5.0
      '@oxlint-tsgolint/darwin-x64': 0.5.0
      '@oxlint-tsgolint/linux-arm64': 0.5.0
      '@oxlint-tsgolint/linux-x64': 0.5.0
      '@oxlint-tsgolint/win32-arm64': 0.5.0
      '@oxlint-tsgolint/win32-x64': 0.5.0

  pathe@2.0.3: {}

  picomatch@4.0.3: {}

  prettier@3.6.2: {}

  quansync@0.2.11: {}

  readdirp@4.1.2: {}

  resolve-pkg-maps@1.0.0: {}

  rolldown-plugin-dts@0.17.3(rolldown@1.0.0-beta.46)(typescript@5.9.3):
    dependencies:
      '@babel/generator': 7.28.5
      '@babel/parser': 7.28.5
      '@babel/types': 7.28.5
      ast-kit: 2.1.3
      birpc: 2.7.0
      debug: 4.4.3
      dts-resolver: 2.1.2
      get-tsconfig: 4.13.0
      magic-string: 0.30.21
      rolldown: 1.0.0-beta.46
    optionalDependencies:
      typescript: 5.9.3
    transitivePeerDependencies:
      - oxc-resolver
      - supports-color

  rolldown@1.0.0-beta.46:
    dependencies:
      '@oxc-project/types': 0.96.0
      '@rolldown/pluginutils': 1.0.0-beta.46
    optionalDependencies:
      '@rolldown/binding-android-arm64': 1.0.0-beta.46
      '@rolldown/binding-darwin-arm64': 1.0.0-beta.46
      '@rolldown/binding-darwin-x64': 1.0.0-beta.46
      '@rolldown/binding-freebsd-x64': 1.0.0-beta.46
      '@rolldown/binding-linux-arm-gnueabihf': 1.0.0-beta.46
      '@rolldown/binding-linux-arm64-gnu': 1.0.0-beta.46
      '@rolldown/binding-linux-arm64-musl': 1.0.0-beta.46
      '@rolldown/binding-linux-x64-gnu': 1.0.0-beta.46
      '@rolldown/binding-linux-x64-musl': 1.0.0-beta.46
      '@rolldown/binding-openharmony-arm64': 1.0.0-beta.46
      '@rolldown/binding-wasm32-wasi': 1.0.0-beta.46
      '@rolldown/binding-win32-arm64-msvc': 1.0.0-beta.46
      '@rolldown/binding-win32-ia32-msvc': 1.0.0-beta.46
      '@rolldown/binding-win32-x64-msvc': 1.0.0-beta.46

  semver@7.7.3: {}

  tinyexec@1.0.2: {}

  tinyglobby@0.2.15:
    dependencies:
      fdir: 6.5.0(picomatch@4.0.3)
      picomatch: 4.0.3

  tree-kill@1.2.2: {}

  tsdown@0.16.0(typescript@5.9.3):
    dependencies:
      ansis: 4.2.0
      cac: 6.7.14
      chokidar: 4.0.3
      debug: 4.4.3
      diff: 8.0.2
      empathic: 2.0.0
      hookable: 5.5.3
      rolldown: 1.0.0-beta.46
      rolldown-plugin-dts: 0.17.3(rolldown@1.0.0-beta.46)(typescript@5.9.3)
      semver: 7.7.3
      tinyexec: 1.0.2
      tinyglobby: 0.2.15
      tree-kill: 1.2.2
      unconfig: 7.3.3
    optionalDependencies:
      typescript: 5.9.3
    transitivePeerDependencies:
      - '@ts-macro/tsc'
      - '@typescript/native-preview'
      - oxc-resolver
      - supports-color
      - vue-tsc

  tslib@2.8.1:
    optional: true

  typescript@5.9.3: {}

  unconfig@7.3.3:
    dependencies:
      '@quansync/fs': 0.1.5
      defu: 6.1.4
      jiti: 2.6.1
      quansync: 0.2.11

  yaml@2.8.1: {}
